{
    "_meta": {
        "hash": {
            "sha256": "6860688c4d27b75e8a1dccdaf9831a49bb3ebb9ba55add1ed5f1251f51c2e60f"
        },
        "pipfile-spec": 6,
        "requires": {
            "python_version": "3.10"
        },
        "sources": [
            {
                "name": "pypi",
                "url": "https://pypi.org/simple",
                "verify_ssl": true
            }
        ]
    },
    "default": {
        "certifi": {
            "hashes": [
                "sha256:78884e7c1d4b00ce3cea67b44566851c4343c120abd683433ce934a68ea58872",
                "sha256:d62a0163eb4c2344ac042ab2bdf75399a71a2d8c7d47eac2e2ee91b9d6339569"
            ],
            "version": "==2021.10.8"
        },
        "charset-normalizer": {
            "hashes": [
                "sha256:2857e29ff0d34db842cd7ca3230549d1a697f96ee6d3fb071cfa6c7393832597",
                "sha256:6881edbebdb17b39b4eaaa821b438bf6eddffb4468cf344f09f89def34a8b1df"
            ],
            "markers": "python_version >= '3'",
            "version": "==2.0.12"
        },
        "idna": {
            "hashes": [
                "sha256:84d9dd047ffa80596e0f246e2eab0b391788b0503584e8945f2368256d2735ff",
                "sha256:9d643ff0a55b762d5cdb124b8eaa99c66322e2157b69160bc32796e824360e6d"
            ],
            "markers": "python_version >= '3'",
            "version": "==3.3"
        },
        "lxml": {
            "hashes": [
                "sha256:078306d19a33920004addeb5f4630781aaeabb6a8d01398045fcde085091a169",
                "sha256:0c1978ff1fd81ed9dcbba4f91cf09faf1f8082c9d72eb122e92294716c605428",
                "sha256:1010042bfcac2b2dc6098260a2ed022968dbdfaf285fc65a3acf8e4eb1ffd1bc",
                "sha256:1d650812b52d98679ed6c6b3b55cbb8fe5a5460a0aef29aeb08dc0b44577df85",
                "sha256:20b8a746a026017acf07da39fdb10aa80ad9877046c9182442bf80c84a1c4696",
                "sha256:2403a6d6fb61c285969b71f4a3527873fe93fd0abe0832d858a17fe68c8fa507",
                "sha256:24f5c5ae618395ed871b3d8ebfcbb36e3f1091fd847bf54c4de623f9107942f3",
                "sha256:28d1af847786f68bec57961f31221125c29d6f52d9187c01cd34dc14e2b29430",
                "sha256:31499847fc5f73ee17dbe1b8e24c6dafc4e8d5b48803d17d22988976b0171f03",
                "sha256:31ba2cbc64516dcdd6c24418daa7abff989ddf3ba6d3ea6f6ce6f2ed6e754ec9",
                "sha256:330bff92c26d4aee79c5bc4d9967858bdbe73fdbdbacb5daf623a03a914fe05b",
                "sha256:5045ee1ccd45a89c4daec1160217d363fcd23811e26734688007c26f28c9e9e7",
                "sha256:52cbf2ff155b19dc4d4100f7442f6a697938bf4493f8d3b0c51d45568d5666b5",
                "sha256:530f278849031b0eb12f46cca0e5db01cfe5177ab13bd6878c6e739319bae654",
                "sha256:545bd39c9481f2e3f2727c78c169425efbfb3fbba6e7db4f46a80ebb249819ca",
                "sha256:5804e04feb4e61babf3911c2a974a5b86f66ee227cc5006230b00ac6d285b3a9",
                "sha256:5a58d0b12f5053e270510bf12f753a76aaf3d74c453c00942ed7d2c804ca845c",
                "sha256:5f148b0c6133fb928503cfcdfdba395010f997aa44bcf6474fcdd0c5398d9b63",
                "sha256:5f7d7d9afc7b293147e2d506a4596641d60181a35279ef3aa5778d0d9d9123fe",
                "sha256:60d2f60bd5a2a979df28ab309352cdcf8181bda0cca4529769a945f09aba06f9",
                "sha256:6259b511b0f2527e6d55ad87acc1c07b3cbffc3d5e050d7e7bcfa151b8202df9",
                "sha256:6268e27873a3d191849204d00d03f65c0e343b3bcb518a6eaae05677c95621d1",
                "sha256:627e79894770783c129cc5e89b947e52aa26e8e0557c7e205368a809da4b7939",
                "sha256:62f93eac69ec0f4be98d1b96f4d6b964855b8255c345c17ff12c20b93f247b68",
                "sha256:6d6483b1229470e1d8835e52e0ff3c6973b9b97b24cd1c116dca90b57a2cc613",
                "sha256:6f7b82934c08e28a2d537d870293236b1000d94d0b4583825ab9649aef7ddf63",
                "sha256:6fe4ef4402df0250b75ba876c3795510d782def5c1e63890bde02d622570d39e",
                "sha256:719544565c2937c21a6f76d520e6e52b726d132815adb3447ccffbe9f44203c4",
                "sha256:730766072fd5dcb219dd2b95c4c49752a54f00157f322bc6d71f7d2a31fecd79",
                "sha256:74eb65ec61e3c7c019d7169387d1b6ffcfea1b9ec5894d116a9a903636e4a0b1",
                "sha256:7993232bd4044392c47779a3c7e8889fea6883be46281d45a81451acfd704d7e",
                "sha256:80bbaddf2baab7e6de4bc47405e34948e694a9efe0861c61cdc23aa774fcb141",
                "sha256:86545e351e879d0b72b620db6a3b96346921fa87b3d366d6c074e5a9a0b8dadb",
                "sha256:891dc8f522d7059ff0024cd3ae79fd224752676447f9c678f2a5c14b84d9a939",
                "sha256:8a31f24e2a0b6317f33aafbb2f0895c0bce772980ae60c2c640d82caac49628a",
                "sha256:8b99ec73073b37f9ebe8caf399001848fced9c08064effdbfc4da2b5a8d07b93",
                "sha256:986b7a96228c9b4942ec420eff37556c5777bfba6758edcb95421e4a614b57f9",
                "sha256:a1547ff4b8a833511eeaceacbcd17b043214fcdb385148f9c1bc5556ca9623e2",
                "sha256:a2bfc7e2a0601b475477c954bf167dee6d0f55cb167e3f3e7cefad906e7759f6",
                "sha256:a3c5f1a719aa11866ffc530d54ad965063a8cbbecae6515acbd5f0fae8f48eaa",
                "sha256:a9f1c3489736ff8e1c7652e9dc39f80cff820f23624f23d9eab6e122ac99b150",
                "sha256:aa0cf4922da7a3c905d000b35065df6184c0dc1d866dd3b86fd961905bbad2ea",
                "sha256:ad4332a532e2d5acb231a2e5d33f943750091ee435daffca3fec0a53224e7e33",
                "sha256:b2582b238e1658c4061ebe1b4df53c435190d22457642377fd0cb30685cdfb76",
                "sha256:b6fc2e2fb6f532cf48b5fed57567ef286addcef38c28874458a41b7837a57807",
                "sha256:b92d40121dcbd74831b690a75533da703750f7041b4bf951befc657c37e5695a",
                "sha256:bbab6faf6568484707acc052f4dfc3802bdb0cafe079383fbaa23f1cdae9ecd4",
                "sha256:c0b88ed1ae66777a798dc54f627e32d3b81c8009967c63993c450ee4cbcbec15",
                "sha256:ce13d6291a5f47c1c8dbd375baa78551053bc6b5e5c0e9bb8e39c0a8359fd52f",
                "sha256:db3535733f59e5605a88a706824dfcb9bd06725e709ecb017e165fc1d6e7d429",
                "sha256:dd10383f1d6b7edf247d0960a3db274c07e96cf3a3fc7c41c8448f93eac3fb1c",
                "sha256:e01f9531ba5420838c801c21c1b0f45dbc9607cb22ea2cf132844453bec863a5",
                "sha256:e11527dc23d5ef44d76fef11213215c34f36af1608074561fcc561d983aeb870",
                "sha256:e1ab2fac607842ac36864e358c42feb0960ae62c34aa4caaf12ada0a1fb5d99b",
                "sha256:e1fd7d2fe11f1cb63d3336d147c852f6d07de0d0020d704c6031b46a30b02ca8",
                "sha256:e9f84ed9f4d50b74fbc77298ee5c870f67cb7e91dcdc1a6915cb1ff6a317476c",
                "sha256:ec4b4e75fc68da9dc0ed73dcdb431c25c57775383fec325d23a770a64e7ebc87",
                "sha256:f10ce66fcdeb3543df51d423ede7e238be98412232fca5daec3e54bcd16b8da0",
                "sha256:f63f62fc60e6228a4ca9abae28228f35e1bd3ce675013d1dfb828688d50c6e23",
                "sha256:fa56bb08b3dd8eac3a8c5b7d075c94e74f755fd9d8a04543ae8d37b1612dd170",
                "sha256:fa9b7c450be85bfc6cd39f6df8c5b8cbd76b5d6fc1f69efec80203f9894b885f"
            ],
            "index": "pypi",
            "version": "==4.8.0"
        },
        "pyqt5": {
            "hashes": [
                "sha256:33ced1c876f6a26e7899615a5a4efef2167c263488837c7beed023a64cebd051",
                "sha256:80343bcab95ffba619f2ed2467fd828ffeb0a251ad7225be5fc06dcc333af452",
                "sha256:9d2dcdaf82263ae56023410a7af15d1fd746c8e361733a7d0d1bd1f004ec2793",
                "sha256:9d6efad0377aa78bf081a20ac752ce86096ded18f04c592d98f5b92dc879ad0a",
                "sha256:f411ecda52e488e1d3c5cce7563e1b2ca9cf0b7531e3c25b03d9a7e56e07e7fc"
            ],
            "index": "pypi",
            "version": "==5.15.6"
        },
        "pyqt5-qt5": {
            "hashes": [
                "sha256:1988f364ec8caf87a6ee5d5a3a5210d57539988bf8e84714c7d60972692e2f4a",
                "sha256:750b78e4dba6bdf1607febedc08738e318ea09e9b10aea9ff0d73073f11f6962",
                "sha256:76980cd3d7ae87e3c7a33bfebfaee84448fd650bad6840471d6cae199b56e154",
                "sha256:9cc7a768b1921f4b982ebc00a318ccb38578e44e45316c7a4a850e953e1dd327"
            ],
            "version": "==5.15.2"
        },
        "pyqt5-sip": {
            "hashes": [
                "sha256:023de82b23a7e97369588dd6e411dd2bfbedbbcfb4c7f9c2ecaa9e29fc46a81e",
                "sha256:087a7c0ebff00bca73788588b61b50063e17fcdb26977317d1785cb241a66a56",
                "sha256:0ba8c0751b46561542b5a6bb1b703faad10a205d9375ebc607b1c9f858bfe5b1",
                "sha256:2378bda30ee2b7a568086952658ba8daad8f0f71fc335f696423ee9b3b4028db",
                "sha256:3a92bd103dad59c2bfbb1062420c2e7bcf134dfce800f6a8c9964c99a590162d",
                "sha256:5e8472a959ec85f94d4810326505076b55eb4d8b2e08dbd5d87bd1907c59680c",
                "sha256:8024347c865a7f0c6581b460cc18dbea1c401733300bc3cb76f74c9432a2b0ae",
                "sha256:8504991216ff94ca1eaba39a6e6497e6ed860f1fc659f6c14ebfccf43733c02f",
                "sha256:90f8cde3b446799800bc7c2d89a4fef5d8316d9f4c2f06daf4f6976d1c68fdfa",
                "sha256:97e008795c453488f51a5c97dbff29cda7841afb1ca842c9e819d8e6cc0ae724",
                "sha256:a345bed4112d44705340e4033a2abc66d8dbd4afd62f3a9aa69253f15718df53",
                "sha256:a83c7ba53e04e05cf1bcd18639080dd44196cf248773f34b1e9b831c11a1e198",
                "sha256:b2852df169f349e37999fc425f2d0abd004d09219354a55d3b4c6dd574b3fe84",
                "sha256:ba89547fc54403bbdcb7ee6066098d02d18d813f29b7de2434043a357bb79f6b",
                "sha256:d31f6f05777c8ee0828daeb5cb4a15d4124c63d94cacb07faa2dbc79f72209ea",
                "sha256:dda92bfaee40fd612c6b1e2614570d6acc8ec63032c6fd45d5e66badd18d387c",
                "sha256:e70c961eb982cfc866a988cfe4fab16741d480d885203e04b539ecf32b53c6b7"
            ],
            "markers": "python_version >= '3.7'",
            "version": "==12.10.1"
        },
        "requests": {
            "hashes": [
                "sha256:68d7c56fd5a8999887728ef304a6d12edc7be74f1cfa47714fc8b414525c9a61",
                "sha256:f22fa1e554c9ddfd16e6e41ac79759e17be9e492b3587efa038054674760e72d"
            ],
            "index": "pypi",
            "version": "==2.27.1"
        },
        "urllib3": {
            "hashes": [
                "sha256:44ece4d53fb1706f667c9bd1c648f5469a2ec925fcf3a776667042d645472c14",
                "sha256:aabaf16477806a5e1dd19aa41f8c2b7950dd3c746362d7e3223dbe6de6ac448e"
            ],
            "markers": "python_version >= '2.7' and python_version not in '3.0, 3.1, 3.2, 3.3, 3.4' and python_version < '4'",
            "version": "==1.26.9"
        }
    },
    "develop": {
        "altgraph": {
            "hashes": [
                "sha256:743628f2ac6a7c26f5d9223c91ed8ecbba535f506f4b6f558885a8a56a105857",
                "sha256:ebf2269361b47d97b3b88e696439f6e4cbc607c17c51feb1754f90fb79839158"
            ],
            "version": "==0.17.2"
        },
        "click": {
            "hashes": [
                "sha256:7682dc8afb30297001674575ea00d1814d808d6a36af415a82bd481d37ba7b8e",
                "sha256:bb4d8133cb15a609f44e8213d9b391b0809795062913b383c62be0ee95b1db48"
            ],
            "markers": "python_version >= '3.7'",
            "version": "==8.1.3"
        },
        "flask": {
            "hashes": [
                "sha256:315ded2ddf8a6281567edb27393010fe3406188bafbfe65a3339d5787d89e477",
                "sha256:fad5b446feb0d6db6aec0c3184d16a8c1f6c3e464b511649c8918a9be100b4fe"
            ],
            "index": "pypi",
            "version": "==2.1.2"
        },
        "itsdangerous": {
            "hashes": [
                "sha256:2c2349112351b88699d8d4b6b075022c0808887cb7ad10069318a8b0bc88db44",
                "sha256:5dbbc68b317e5e42f327f9021763545dc3fc3bfe22e6deb96aaf1fc38874156a"
            ],
            "markers": "python_version >= '3.7'",
            "version": "==2.1.2"
        },
        "jinja2": {
            "hashes": [
                "sha256:31351a702a408a9e7595a8fc6150fc3f43bb6bf7e319770cbc0db9df9437e852",
                "sha256:6088930bfe239f0e6710546ab9c19c9ef35e29792895fed6e6e31a023a182a61"
            ],
            "markers": "python_version >= '3.7'",
            "version": "==3.1.2"
        },
        "markupsafe": {
            "hashes": [
                "sha256:0212a68688482dc52b2d45013df70d169f542b7394fc744c02a57374a4207003",
                "sha256:089cf3dbf0cd6c100f02945abeb18484bd1ee57a079aefd52cffd17fba910b88",
                "sha256:10c1bfff05d95783da83491be968e8fe789263689c02724e0c691933c52994f5",
                "sha256:33b74d289bd2f5e527beadcaa3f401e0df0a89927c1559c8566c066fa4248ab7",
                "sha256:3799351e2336dc91ea70b034983ee71cf2f9533cdff7c14c90ea126bfd95d65a",
                "sha256:3ce11ee3f23f79dbd06fb3d63e2f6af7b12db1d46932fe7bd8afa259a5996603",
                "sha256:421be9fbf0ffe9ffd7a378aafebbf6f4602d564d34be190fc19a193232fd12b1",
                "sha256:43093fb83d8343aac0b1baa75516da6092f58f41200907ef92448ecab8825135",
                "sha256:46d00d6cfecdde84d40e572d63735ef81423ad31184100411e6e3388d405e247",
                "sha256:4a33dea2b688b3190ee12bd7cfa29d39c9ed176bda40bfa11099a3ce5d3a7ac6",
                "sha256:4b9fe39a2ccc108a4accc2676e77da025ce383c108593d65cc909add5c3bd601",
                "sha256:56442863ed2b06d19c37f94d999035e15ee982988920e12a5b4ba29b62ad1f77",
                "sha256:671cd1187ed5e62818414afe79ed29da836dde67166a9fac6d435873c44fdd02",
                "sha256:694deca8d702d5db21ec83983ce0bb4b26a578e71fbdbd4fdcd387daa90e4d5e",
                "sha256:6a074d34ee7a5ce3effbc526b7083ec9731bb3cbf921bbe1d3005d4d2bdb3a63",
                "sha256:6d0072fea50feec76a4c418096652f2c3238eaa014b2f94aeb1d56a66b41403f",
                "sha256:6fbf47b5d3728c6aea2abb0589b5d30459e369baa772e0f37a0320185e87c980",
                "sha256:7f91197cc9e48f989d12e4e6fbc46495c446636dfc81b9ccf50bb0ec74b91d4b",
                "sha256:86b1f75c4e7c2ac2ccdaec2b9022845dbb81880ca318bb7a0a01fbf7813e3812",
                "sha256:8dc1c72a69aa7e082593c4a203dcf94ddb74bb5c8a731e4e1eb68d031e8498ff",
                "sha256:8e3dcf21f367459434c18e71b2a9532d96547aef8a871872a5bd69a715c15f96",
                "sha256:8e576a51ad59e4bfaac456023a78f6b5e6e7651dcd383bcc3e18d06f9b55d6d1",
                "sha256:96e37a3dc86e80bf81758c152fe66dbf60ed5eca3d26305edf01892257049925",
                "sha256:97a68e6ada378df82bc9f16b800ab77cbf4b2fada0081794318520138c088e4a",
                "sha256:99a2a507ed3ac881b975a2976d59f38c19386d128e7a9a18b7df6fff1fd4c1d6",
                "sha256:a49907dd8420c5685cfa064a1335b6754b74541bbb3706c259c02ed65b644b3e",
                "sha256:b09bf97215625a311f669476f44b8b318b075847b49316d3e28c08e41a7a573f",
                "sha256:b7bd98b796e2b6553da7225aeb61f447f80a1ca64f41d83612e6139ca5213aa4",
                "sha256:b87db4360013327109564f0e591bd2a3b318547bcef31b468a92ee504d07ae4f",
                "sha256:bcb3ed405ed3222f9904899563d6fc492ff75cce56cba05e32eff40e6acbeaa3",
                "sha256:d4306c36ca495956b6d568d276ac11fdd9c30a36f1b6eb928070dc5360b22e1c",
                "sha256:d5ee4f386140395a2c818d149221149c54849dfcfcb9f1debfe07a8b8bd63f9a",
                "sha256:dda30ba7e87fbbb7eab1ec9f58678558fd9a6b8b853530e176eabd064da81417",
                "sha256:e04e26803c9c3851c931eac40c695602c6295b8d432cbe78609649ad9bd2da8a",
                "sha256:e1c0b87e09fa55a220f058d1d49d3fb8df88fbfab58558f1198e08c1e1de842a",
                "sha256:e72591e9ecd94d7feb70c1cbd7be7b3ebea3f548870aa91e2732960fa4d57a37",
                "sha256:e8c843bbcda3a2f1e3c2ab25913c80a3c5376cd00c6e8c4a86a89a28c8dc5452",
                "sha256:efc1913fd2ca4f334418481c7e595c00aad186563bbc1ec76067848c7ca0a933",
                "sha256:f121a1420d4e173a5d96e47e9a0c0dcff965afdf1626d28de1460815f7c4ee7a",
                "sha256:fc7b548b17d238737688817ab67deebb30e8073c95749d55538ed473130ec0c7"
            ],
            "markers": "python_version >= '3.7'",
            "version": "==2.1.1"
        },
        "pyinstaller": {
            "hashes": [
                "sha256:0dc19ccf97584fff1766dcaf9c0425e4cd714ccc41c9f4d1222cab8c756624e4",
                "sha256:100ba42f5885e1044e45a9a1d6fa9bb17be49d8731a34ebde39519a49095d509",
                "sha256:219e249c2bbd2ec77ba008adbc46832ddd761554167bf5f9c86e861f8ddd4589",
                "sha256:25f5f758b005c66471af0d452c90ec328179116afe9d5bd82f5fb06d9416267b",
                "sha256:3ac6f8bfe65666650bf37671d6661775692b33711a7c5e664ac5bb577100f120",
                "sha256:7b4fa281373676728e503447e5eb2a101208d0d41be62b540dcfbe073e26e60f",
                "sha256:943d22969ad7487ff430810e733f06e6efddc1af1cbe6453ec44dffc39f3a1f5",
                "sha256:a7698ca54b1afc5ff0ef0a881fa68a878e3f12e7f1a3bade9bf198af34d15222",
                "sha256:bf6148a6eb005e1106d57271681cd7799b56f7b41efa6c78ce4d375fc1cd829e",
                "sha256:d3a587f5adb28e299781d99d6e781e3d240f6f5ecaad5b5f484ea196801476f6",
                "sha256:d8384871a2e6605b49ef3293aa8b365bbdfe9aac6ff80e3743e5fe4cbd46fa62"
            ],
            "index": "pypi",
            "version": "==5.0.1"
        },
        "pyinstaller-hooks-contrib": {
            "hashes": [
                "sha256:b57a90bb8520d6e1dbbaaae416875e28fa5a3b74d2e40e330d02d1ccadacc38c",
                "sha256:b7f7da20e5b83c22219a21b8f849525e5f735197975313208f4e07ff9549cdaf"
            ],
            "markers": "python_version >= '3.7'",
            "version": "==2022.4"
        },
        "setuptools": {
            "hashes": [
                "sha256:26ead7d1f93efc0f8c804d9fafafbe4a44b179580a7105754b245155f9af05a8",
                "sha256:47c7b0c0f8fc10eec4cf1e71c6fdadf8decaa74ffa087e68cd1c20db7ad6a592"
            ],
            "markers": "python_version >= '3.7'",
            "version": "==62.1.0"
        },
        "werkzeug": {
            "hashes": [
                "sha256:1ce08e8093ed67d638d63879fd1ba3735817f7a80de3674d293f5984f25fb6e6",
                "sha256:72a4b735692dd3135217911cbeaa1be5fa3f62bffb8745c5215420a03dc55255"
            ],
            "markers": "python_version >= '3.7'",
            "version": "==2.1.2"
        }
    }
}
